
Microsoft Visual Studio Solution File, Format Version 12.00
# Visual Studio Version 16
VisualStudioVersion = 16.0.30503.244
MinimumVisualStudioVersion = 10.0.40219.1
Project("{FAE04EC0-301F-11D3-BF4B-00C04F79EFBC}") = "Codility_Lessons", "Codility_Lessons.csproj", "{296DB50A-4134-4354-B712-78B0F5D0AB94}"
EndProject
Global
	GlobalSection(SolutionConfigurationPlatforms) = preSolution
		Debug|Any CPU = Debug|Any CPU
		Release|Any CPU = Release|Any CPU
	EndGlobalSection
	GlobalSection(ProjectConfigurationPlatforms) = postSolution
		{296DB50A-4134-4354-B712-78B0F5D0AB94}.Debug|Any CPU.ActiveCfg = Debug|Any CPU
		{296DB50A-4134-4354-B712-78B0F5D0AB94}.Debug|Any CPU.Build.0 = Debug|Any CPU
		{296DB50A-4134-4354-B712-78B0F5D0AB94}.Release|Any CPU.ActiveCfg = Release|Any CPU
		{296DB50A-4134-4354-B712-78B0F5D0AB94}.Release|Any CPU.Build.0 = Release|Any CPU
	EndGlobalSection
	GlobalSection(SolutionProperties) = preSolution
		HideSolutionNode = FALSE
	EndGlobalSection
	GlobalSection(ExtensibilityGlobals) = postSolution
		SolutionGuid = {4A5CF071-31AE-42F6-87D5-8724A5359287}
	EndGlobalSection
EndGlobal
